
Microsoft Visual Studio Solution File, Format Version 12.00
# Visual Studio Version 16
VisualStudioVersion = 16.0.30611.23
MinimumVisualStudioVersion = 10.0.40219.1
Project("{9A19103F-16F7-4668-BE54-9A1E7A4F7556}") = "API_SERVER", "API_SERVER\API_SERVER.csproj", "{BDF3755B-A018-487A-8471-FE0F4E3E9B21}"
EndProject
Global
	GlobalSection(SolutionConfigurationPlatforms) = preSolution
		Debug|Any CPU = Debug|Any CPU
		Release|Any CPU = Release|Any CPU
	EndGlobalSection
	GlobalSection(ProjectConfigurationPlatforms) = postSolution
		{BDF3755B-A018-487A-8471-FE0F4E3E9B21}.Debug|Any CPU.ActiveCfg = Debug|Any CPU
		{BDF3755B-A018-487A-8471-FE0F4E3E9B21}.Debug|Any CPU.Build.0 = Debug|Any CPU
		{BDF3755B-A018-487A-8471-FE0F4E3E9B21}.Release|Any CPU.ActiveCfg = Release|Any CPU
		{BDF3755B-A018-487A-8471-FE0F4E3E9B21}.Release|Any CPU.Build.0 = Release|Any CPU
	EndGlobalSection
	GlobalSection(SolutionProperties) = preSolution
		HideSolutionNode = FALSE
	EndGlobalSection
	GlobalSection(ExtensibilityGlobals) = postSolution
		SolutionGuid = {1D57AC50-208F-40F6-8412-66394507A984}
	EndGlobalSection
EndGlobal
